
Microsoft Visual Studio Solution File, Format Version 12.00
# Visual Studio Version 17
VisualStudioVersion = 17.6.33829.357
MinimumVisualStudioVersion = 10.0.40219.1
Project("{FAE04EC0-301F-11D3-BF4B-00C04F79EFBC}") = "buoi01_DAPM_13_9", "buoi01_DAPM_13_9\buoi01_DAPM_13_9.csproj", "{EFC2D0ED-0BFE-40EE-AC57-D08D5B05040E}"
EndProject
Global
	GlobalSection(SolutionConfigurationPlatforms) = preSolution
		Debug|Any CPU = Debug|Any CPU
		Release|Any CPU = Release|Any CPU
	EndGlobalSection
	GlobalSection(ProjectConfigurationPlatforms) = postSolution
		{EFC2D0ED-0BFE-40EE-AC57-D08D5B05040E}.Debug|Any CPU.ActiveCfg = Debug|Any CPU
		{EFC2D0ED-0BFE-40EE-AC57-D08D5B05040E}.Debug|Any CPU.Build.0 = Debug|Any CPU
		{EFC2D0ED-0BFE-40EE-AC57-D08D5B05040E}.Release|Any CPU.ActiveCfg = Release|Any CPU
		{EFC2D0ED-0BFE-40EE-AC57-D08D5B05040E}.Release|Any CPU.Build.0 = Release|Any CPU
	EndGlobalSection
	GlobalSection(SolutionProperties) = preSolution
		HideSolutionNode = FALSE
	EndGlobalSection
	GlobalSection(ExtensibilityGlobals) = postSolution
		SolutionGuid = {15630E16-04F6-41A7-9FF4-7C719F7C9E90}
	EndGlobalSection
EndGlobal
